
Microsoft Visual Studio Solution File, Format Version 12.00
# Visual Studio 15
VisualStudioVersion = 15.0.28307.329
MinimumVisualStudioVersion = 10.0.40219.1
Project("{2150E333-8FDC-42A3-9474-1A3956D46DE8}") = "Solution Items", "Solution Items", "{7EDF9F61-E0B1-4657-A606-2B2A84C57649}"
	ProjectSection(SolutionItems) = preProject
		.gitattributes = .gitattributes
		.gitignore = .gitignore
		ReadMe.md = ReadMe.md
	EndProjectSection
EndProject
Project("{2150E333-8FDC-42A3-9474-1A3956D46DE8}") = "source", "source", "{A660641C-39F9-4735-A35F-F8B646CC506D}"
EndProject
Project("{FAE04EC0-301F-11D3-BF4B-00C04F79EFBC}") = "Challenge.Railroad", "Challenge.Railroad\Challenge.Railroad.csproj", "{356AF98E-5723-4D33-BD7A-0C47CA83D88A}"
EndProject
Global
	GlobalSection(SolutionConfigurationPlatforms) = preSolution
		Debug|Any CPU = Debug|Any CPU
		Release|Any CPU = Release|Any CPU
	EndGlobalSection
	GlobalSection(ProjectConfigurationPlatforms) = postSolution
		{356AF98E-5723-4D33-BD7A-0C47CA83D88A}.Debug|Any CPU.ActiveCfg = Debug|Any CPU
		{356AF98E-5723-4D33-BD7A-0C47CA83D88A}.Debug|Any CPU.Build.0 = Debug|Any CPU
		{356AF98E-5723-4D33-BD7A-0C47CA83D88A}.Release|Any CPU.ActiveCfg = Release|Any CPU
		{356AF98E-5723-4D33-BD7A-0C47CA83D88A}.Release|Any CPU.Build.0 = Release|Any CPU
	EndGlobalSection
	GlobalSection(SolutionProperties) = preSolution
		HideSolutionNode = FALSE
	EndGlobalSection
	GlobalSection(NestedProjects) = preSolution
		{356AF98E-5723-4D33-BD7A-0C47CA83D88A} = {A660641C-39F9-4735-A35F-F8B646CC506D}
	EndGlobalSection
	GlobalSection(ExtensibilityGlobals) = postSolution
		SolutionGuid = {0AD77B5B-FB29-4301-A67B-5C2762559010}
	EndGlobalSection
EndGlobal
