
Microsoft Visual Studio Solution File, Format Version 12.00
# Visual Studio Version 16
VisualStudioVersion = 16.0.30804.86
MinimumVisualStudioVersion = 10.0.40219.1
Project("{2150E333-8FDC-42A3-9474-1A3956D46DE8}") = "Solution Items", "Solution Items", "{7EDF9F61-E0B1-4657-A606-2B2A84C57649}"
	ProjectSection(SolutionItems) = preProject
		.gitattributes = .gitattributes
		.gitignore = .gitignore
		ReadMe.md = ReadMe.md
	EndProjectSection
EndProject
Project("{2150E333-8FDC-42A3-9474-1A3956D46DE8}") = "source", "source", "{A660641C-39F9-4735-A35F-F8B646CC506D}"
EndProject
Project("{9A19103F-16F7-4668-BE54-9A1E7A4F7556}") = "Railroad", "Railroad\Railroad.csproj", "{3CECA757-6973-4A82-96B8-26FD01F7EBFF}"
EndProject
Global
	GlobalSection(SolutionConfigurationPlatforms) = preSolution
		Debug|Any CPU = Debug|Any CPU
		Release|Any CPU = Release|Any CPU
	EndGlobalSection
	GlobalSection(ProjectConfigurationPlatforms) = postSolution
		{3CECA757-6973-4A82-96B8-26FD01F7EBFF}.Debug|Any CPU.ActiveCfg = Debug|Any CPU
		{3CECA757-6973-4A82-96B8-26FD01F7EBFF}.Debug|Any CPU.Build.0 = Debug|Any CPU
		{3CECA757-6973-4A82-96B8-26FD01F7EBFF}.Release|Any CPU.ActiveCfg = Release|Any CPU
		{3CECA757-6973-4A82-96B8-26FD01F7EBFF}.Release|Any CPU.Build.0 = Release|Any CPU
	EndGlobalSection
	GlobalSection(SolutionProperties) = preSolution
		HideSolutionNode = FALSE
	EndGlobalSection
	GlobalSection(NestedProjects) = preSolution
		{3CECA757-6973-4A82-96B8-26FD01F7EBFF} = {A660641C-39F9-4735-A35F-F8B646CC506D}
	EndGlobalSection
	GlobalSection(ExtensibilityGlobals) = postSolution
		SolutionGuid = {0AD77B5B-FB29-4301-A67B-5C2762559010}
	EndGlobalSection
EndGlobal
